# THIS IS AN AUTOGENERATED FILE. DO NOT EDIT THIS FILE DIRECTLY.
# yarn lockfile v1


"@babel/code-frame@^7.18.6":
  version "7.18.6"
  resolved "https://registry.yarnpkg.com/@babel/code-frame/-/code-frame-7.18.6.tgz#3b25d38c89600baa2dcc219edfa88a74eb2c427a"
  integrity sha512-TDCmlK5eOvH+eH7cdAFlNXeVJqWIQ7gW9tY1GJIpUtFb6CmjVyq2VM3u71bOyR8CRihcCgMUYoDNyLXao3+70Q==
  dependencies:
    "@babel/highlight" "^7.18.6"

"@babel/helper-validator-identifier@^7.18.6":
  version "7.19.1"
  resolved "https://registry.yarnpkg.com/@babel/helper-validator-identifier/-/helper-validator-identifier-7.19.1.tgz#7eea834cf32901ffdc1a7ee555e2f9c27e249ca2"
  integrity sha512-awrNfaMtnHUr653GgGEs++LlAvW6w+DcPrOliSMXWCKo597CwL5Acf/wWdNkf/tfEQE3mjkeD1YOVZOUV/od1w==

"@babel/highlight@^7.18.6":
  version "7.18.6"
  resolved "https://registry.yarnpkg.com/@babel/highlight/-/highlight-7.18.6.tgz#81158601e93e2563795adcbfbdf5d64be3f2ecdf"
  integrity sha512-u7stbOuYjaPezCuLj29hNW1v64M2Md2qupEKP1fHc7WdOA3DgLh37suiSrZYY7haUB7iBeQZ9P1uiRF359do3g==
  dependencies:
    "@babel/helper-validator-identifier" "^7.18.6"
    chalk "^2.0.0"
    js-tokens "^4.0.0"

"@esbuild/android-arm64@0.16.11":
  version "0.16.11"
  resolved "https://registry.yarnpkg.com/@esbuild/android-arm64/-/android-arm64-0.16.11.tgz#7b007db31b30ae1c5f84e1e0e95a0bfa492cc4c6"
  integrity sha512-CPwhZd15PasQSlkFuZv1st37xvuBeklztfb9y2GZWLQu59zcMIDkZVSEz/TTIxzt811+eJfblg5HhP49iVVDWQ==

"@esbuild/android-arm@0.16.11":
  version "0.16.11"
  resolved "https://registry.yarnpkg.com/@esbuild/android-arm/-/android-arm-0.16.11.tgz#842918ad32005d315b946fcf1c7752ea47b5a664"
  integrity sha512-j2xsG1OETgCe+OBA54DG5vLuGjmMZtQvyxt+rTw2aYK/RqjcG/F+UDdj43uoUOv8lSRC3lM4XpKLOVZfY/82yA==

"@esbuild/android-x64@0.16.11":
  version "0.16.11"
  resolved "https://registry.yarnpkg.com/@esbuild/android-x64/-/android-x64-0.16.11.tgz#7fb80f8238f7f5565ba116247546278c3b04ea5d"
  integrity sha512-vbFn+0JXX6FkKq+0sNeA6aF2QhuOt9ZkBl+DSyqKIF+Ms58lUOhbqSwberKWQDm0udgOp3d/LhOFTYmpvmlZmA==

"@esbuild/darwin-arm64@0.16.11":
  version "0.16.11"
  resolved "https://registry.yarnpkg.com/@esbuild/darwin-arm64/-/darwin-arm64-0.16.11.tgz#ad86abc47e20da92b5b4ec4b4df6ee364722553d"
  integrity sha512-1tqsIG6AySZ9njT8V2ddH1F/J01zX+0obPCpP0uD9TMIUlAA5WUF/+abFlnIsNY4jACcbN/13NUbLRWE9bayjw==

"@esbuild/darwin-x64@0.16.11":
  version "0.16.11"
  resolved "https://registry.yarnpkg.com/@esbuild/darwin-x64/-/darwin-x64-0.16.11.tgz#f3249b1170515d123aae1f517ac38f93f9b90d5e"
  integrity sha512-Gqx2/nYqnK46dwEDPGv3SwLqgLIZQJ7m2xNoNRzO50VZPvoCWSUqDaoirrZZf7uVfl+fxHoZBcdQJx2gOdxffQ==

"@esbuild/freebsd-arm64@0.16.11":
  version "0.16.11"
  resolved "https://registry.yarnpkg.com/@esbuild/freebsd-arm64/-/freebsd-arm64-0.16.11.tgz#3bfb050e3c70bdb1e8901b1b0ed5ff2bfc10b88c"
  integrity sha512-58FTdlgIQ3ZxFtGphjbIBmo7kfDhQih/PlfAnKraAcCDZOYXWcRFmHJtW+EVg32IIxuEAqhLAzCgrqpm5o8Wlw==

"@esbuild/freebsd-x64@0.16.11":
  version "0.16.11"
  resolved "https://registry.yarnpkg.com/@esbuild/freebsd-x64/-/freebsd-x64-0.16.11.tgz#9bfc8cfaed2dbd9afd94347bd5b22fa6c937393a"
  integrity sha512-L7hr6VnpqZzYEDVQeaViz1QnmfFRCRm3zVtljbYi/CU6InKs6tda1J3pAvqVsbNpbGMA9AvyiyBrgjJAFCawVg==

"@esbuild/linux-arm64@0.16.11":
  version "0.16.11"
  resolved "https://registry.yarnpkg.com/@esbuild/linux-arm64/-/linux-arm64-0.16.11.tgz#a39bef2714cbeb3ef793fa57eb168b3f4c4caa7a"
  integrity sha512-OKU0ajh9Xu7Pd1MlSq8Xqj5SJEV+4yVnALydPTDrrmTyvU72P8mTRJgZMilHw7H+Jqc0utryjNOwlJ/+fOkwGw==

"@esbuild/linux-arm@0.16.11":
  version "0.16.11"
  resolved "https://registry.yarnpkg.com/@esbuild/linux-arm/-/linux-arm-0.16.11.tgz#aaac921ae77fe71234487aebed20fb095920b31b"
  integrity sha512-Mk6TZij71alyS0FGuKEKYjTZGjUw2uXi07V/AiGZW1b5grTfGx6lpsbQdystgDJqju99Osq2Ix+C7WteSnwrHg==

"@esbuild/linux-ia32@0.16.11":
  version "0.16.11"
  resolved "https://registry.yarnpkg.com/@esbuild/linux-ia32/-/linux-ia32-0.16.11.tgz#a4b14b90628ddbba1d76fb6ce5a9a673fe0408ea"
  integrity sha512-pr1/tdDfgQQ9hp2IskSKMuwkx2X4jR7iHLbqEmmj/lPLKeoa6AUulnglGY4y0OPo+0eAYd6DzWp7ve3KI4lOCA==

"@esbuild/linux-loong64@0.16.11":
  version "0.16.11"
  resolved "https://registry.yarnpkg.com/@esbuild/linux-loong64/-/linux-loong64-0.16.11.tgz#c57ef3ba4bd688e37df1324e978b0ef5b2729b18"
  integrity sha512-2MCYdDBh9R+R1xuBFiApgkbp/tW1uV+aVeefKYqWSEk3o6MHzWo1FxEGA4dSnC+kThSBOMVpCV9z4/DPouA3bQ==

"@esbuild/linux-mips64el@0.16.11":
  version "0.16.11"
  resolved "https://registry.yarnpkg.com/@esbuild/linux-mips64el/-/linux-mips64el-0.16.11.tgz#0935896b7b44992e5d539cc2eff8939c12e554bd"
  integrity sha512-IyotdnRg0J8F9FKttYe3cy/M9ZJ5W/Gm6whH08sbXMxRVKs/TyyoqFIA8oT1MzR+si6GLlRpcF7JbUnOXssjPA==

"@esbuild/linux-ppc64@0.16.11":
  version "0.16.11"
  resolved "https://registry.yarnpkg.com/@esbuild/linux-ppc64/-/linux-ppc64-0.16.11.tgz#9e49e13b7d36dbd318bdedc99b73a58fa914a580"
  integrity sha512-NUMtxvb0j41UL8yf8VnTMNbCQxKqIPmF0Wf/N44UrxpKE8iCNmWT95Wt98Ivr2ebHdz+V3kptlgBuZNYcJLI6g==

"@esbuild/linux-riscv64@0.16.11":
  version "0.16.11"
  resolved "https://registry.yarnpkg.com/@esbuild/linux-riscv64/-/linux-riscv64-0.16.11.tgz#64438edd2c474aabcff73ddfecc5cb9f7091a6b6"
  integrity sha512-03/B26az/JezvVkgck+lhauP13t6RqzCQgnrkBCBrXXpX+2r02DfSU43BEhpErJrsrDA8GXSE/rvsfbGCX6OvA==

"@esbuild/linux-s390x@0.16.11":
  version "0.16.11"
  resolved "https://registry.yarnpkg.com/@esbuild/linux-s390x/-/linux-s390x-0.16.11.tgz#379f1f25e3fb4fc9595c03dc8d1de3427b4097fe"
  integrity sha512-Xs2tRB0fgly4XfC4FMv1Fd699AMEH8BClp36mzqRuVzm/285XIJaK5cPEZ9cLLn9ukNHdvvSX/83u5uS1BCd8g==

"@esbuild/linux-x64@0.16.11":
  version "0.16.11"
  resolved "https://registry.yarnpkg.com/@esbuild/linux-x64/-/linux-x64-0.16.11.tgz#a3290cb9fe35074663cf287d881a16434c12d1c2"
  integrity sha512-CiNialxsjJllrG3ggzOKzSaqQK/De/Mv4g/3r7jxLt01GLerPh0Q3TVTndFG9VfOrR1PdN7Fz5AOV3bE6Isd1Q==

"@esbuild/netbsd-x64@0.16.11":
  version "0.16.11"
  resolved "https://registry.yarnpkg.com/@esbuild/netbsd-x64/-/netbsd-x64-0.16.11.tgz#05a7483d9f267e8e0a8a2b3fe56ee6af6ba6cfd0"
  integrity sha512-PiljZi6QZ3Pz0pL8rfJqPln8F/a3mEJwh2vhBb1kDYLniLufo9/7AInb/ZyhvgR7FxUQluUYyz64owPomgaLJA==

"@esbuild/openbsd-x64@0.16.11":
  version "0.16.11"
  resolved "https://registry.yarnpkg.com/@esbuild/openbsd-x64/-/openbsd-x64-0.16.11.tgz#b0648614d6d3a1591dcf2cf71019da7f05da3f63"
  integrity sha512-Nyk8aJM+w6NoS4RGQJ0ybb516jEIbEVlLvhRIdpCssUuqKU0lr9lJPHnFY2QqyoVaJkd6VxaHOBU/v/ieuiENQ==

"@esbuild/sunos-x64@0.16.11":
  version "0.16.11"
  resolved "https://registry.yarnpkg.com/@esbuild/sunos-x64/-/sunos-x64-0.16.11.tgz#9c83b5335ad9146d0f424ed75b2615b6e414cbd7"
  integrity sha512-shxBLdNJecr7KxuyZQ19idBU8x7Mq7m+N5Fj8ROWMWQbDdjSjlBPxz7EZJIxSh7FUgSMKl7qSCCVaczXrta4MQ==

"@esbuild/win32-arm64@0.16.11":
  version "0.16.11"
  resolved "https://registry.yarnpkg.com/@esbuild/win32-arm64/-/win32-arm64-0.16.11.tgz#64302e50fab730e4f9b75cef5685b4f4415f76af"
  integrity sha512-vyTbfoEBn7cGXK8writbsB+G2wyRoOA+EbTNQ9cu5lyLU65sfWetCaL8T7mX338AN8tTbCYl6ce5YRKTonpA3w==

"@esbuild/win32-ia32@0.16.11":
  version "0.16.11"
  resolved "https://registry.yarnpkg.com/@esbuild/win32-ia32/-/win32-ia32-0.16.11.tgz#e69e0eb1b06d659623be4d037d8c4a62f6ed7070"
  integrity sha512-ATGCGc52LNqakUE9i54RzFC4lm70UTcTW721AFGjQotc6uCg7sf7QeRd05wD5tLBFafHdMSZv4rsU/Nh7LT/rQ==

"@esbuild/win32-x64@0.16.11":
  version "0.16.11"
  resolved "https://registry.yarnpkg.com/@esbuild/win32-x64/-/win32-x64-0.16.11.tgz#d22803ed921396fca698334cf593a0f428c87304"
  integrity sha512-7NcClJIctrO3iRu5CCqwdSBePm8bL2Iu1DYsuOnxuYJ+a1Kv3Wn3MzNdJIrUPLi1yADVwRliRUU/jtMC/tJnJA==

"@types/node@^18.11.18":
  version "18.11.18"
  resolved "https://registry.yarnpkg.com/@types/node/-/node-18.11.18.tgz#8dfb97f0da23c2293e554c5a50d61ef134d7697f"
  integrity sha512-DHQpWGjyQKSHj3ebjFI/wRKcqQcdR+MoFBygntYOZytCqNfkd2ZC4ARDJ2DQqhjH5p85Nnd3jhUJIXrszFX/JA==

"@types/prettier@^2.7.2":
  version "2.7.2"
  resolved "https://registry.yarnpkg.com/@types/prettier/-/prettier-2.7.2.tgz#6c2324641cc4ba050a8c710b2b251b377581fbf0"
  integrity sha512-KufADq8uQqo1pYKVIYzfKbJfBAc0sOeXqGbFaSpv8MRmC/zXgowNZmFcbngndGk922QDmOASEXUZCaY48gs4cg==

"@types/prismjs@^1.26.0":
  version "1.26.0"
  resolved "https://registry.yarnpkg.com/@types/prismjs/-/prismjs-1.26.0.tgz#a1c3809b0ad61c62cac6d4e0c56d610c910b7654"
  integrity sha512-ZTaqn/qSqUuAq1YwvOFQfVW1AR/oQJlLSZVustdjwI+GZ8kr0MSHBj0tsXPW1EqHubx50gtBEjbPGsdZwQwCjQ==

ansi-regex@^5.0.1:
  version "5.0.1"
  resolved "https://registry.yarnpkg.com/ansi-regex/-/ansi-regex-5.0.1.tgz#082cb2c89c9fe8659a311a53bd6a4dc5301db304"
  integrity sha512-quJQXlTSUGL2LH9SUXo8VwsY4soanhgo6LNSm84E1LBcE8s3O0wpdiRzyR9z/ZZJMlMWv37qOOb9pdJlMUEKFQ==

ansi-styles@^3.2.1:
  version "3.2.1"
  resolved "https://registry.yarnpkg.com/ansi-styles/-/ansi-styles-3.2.1.tgz#41fbb20243e50b12be0f04b8dedbf07520ce841d"
  integrity sha512-VT0ZI6kZRdTh8YyJw3SMbYm/u+NqfsAxEpWO0Pf9sq8/e94WxxOpPKx9FR1FlyCtOVDNOQ+8ntlqFxiRc+r5qA==
  dependencies:
    color-convert "^1.9.0"

ansi-styles@^4.0.0:
  version "4.3.0"
  resolved "https://registry.yarnpkg.com/ansi-styles/-/ansi-styles-4.3.0.tgz#edd803628ae71c04c85ae7a0906edad34b648937"
  integrity sha512-zbB9rCJAT1rbjiVDb2hqKFHNYLxgtk8NURxZ3IZwD3F6NtxbXZQCnnSi1Lkx+IDohdPlFp222wVALIheZJQSEg==
  dependencies:
    color-convert "^2.0.1"

argparse@^2.0.1:
  version "2.0.1"
  resolved "https://registry.yarnpkg.com/argparse/-/argparse-2.0.1.tgz#246f50f3ca78a3240f6c997e8a9bd1eac49e4b38"
  integrity sha512-8+9WqebbFzpX9OR+Wa6O29asIogeRMzcGtAINdpMHHyAg10f05aSFVBbcEqGf/PXw1EjAZ+q2/bEBg3DvurK3Q==

chalk@^2.0.0:
  version "2.4.2"
  resolved "https://registry.yarnpkg.com/chalk/-/chalk-2.4.2.tgz#cd42541677a54333cf541a49108c1432b44c9424"
  integrity sha512-Mti+f9lpJNcwF4tWV8/OrTTtF1gZi+f8FqlyAdouralcFWFQWF2+NgCHShjkCb+IFBLq9buZwE1xckQU4peSuQ==
  dependencies:
    ansi-styles "^3.2.1"
    escape-string-regexp "^1.0.5"
    supports-color "^5.3.0"

cliui@^8.0.1:
  version "8.0.1"
  resolved "https://registry.yarnpkg.com/cliui/-/cliui-8.0.1.tgz#0c04b075db02cbfe60dc8e6cf2f5486b1a3608aa"
  integrity sha512-BSeNnyus75C4//NQ9gQt1/csTXyo/8Sb+afLAkzAptFuMsod9HFokGNudZpi/oQV73hnVK+sR+5PVRMd+Dr7YQ==
  dependencies:
    string-width "^4.2.0"
    strip-ansi "^6.0.1"
    wrap-ansi "^7.0.0"

color-convert@^1.9.0:
  version "1.9.3"
  resolved "https://registry.yarnpkg.com/color-convert/-/color-convert-1.9.3.tgz#bb71850690e1f136567de629d2d5471deda4c1e8"
  integrity sha512-QfAUtd+vFdAtFQcC8CCyYt1fYWxSqAiK2cSD6zDB8N3cpsEBAvRxp9zOGg6G/SHHJYAT88/az/IuDGALsNVbGg==
  dependencies:
    color-name "1.1.3"

color-convert@^2.0.1:
  version "2.0.1"
  resolved "https://registry.yarnpkg.com/color-convert/-/color-convert-2.0.1.tgz#72d3a68d598c9bdb3af2ad1e84f21d896abd4de3"
  integrity sha512-RRECPsj7iu/xb5oKYcsFHSppFNnsj/52OVTRKb4zP5onXwVF3zVmmToNcOfGC+CRDpfK/U584fMg38ZHCaElKQ==
  dependencies:
    color-name "~1.1.4"

color-name@1.1.3:
  version "1.1.3"
  resolved "https://registry.yarnpkg.com/color-name/-/color-name-1.1.3.tgz#a7d0558bd89c42f795dd42328f740831ca53bc25"
  integrity sha512-72fSenhMw2HZMTVHeCA9KCmpEIbzWiQsjN+BHcBbS9vr1mtt+vJjPdksIBNUmKAW8TFUDPJK5SUU3QhE9NEXDw==

color-name@~1.1.4:
  version "1.1.4"
  resolved "https://registry.yarnpkg.com/color-name/-/color-name-1.1.4.tgz#c2a09a87acbde69543de6f63fa3995c826c536a2"
  integrity sha512-dOy+3AuW3a2wNbZHIuMZpTcgjGuLU/uBL/ubcZF9OXbDo8ff4O8yVp5Bf0efS8uEoYo5q4Fx7dY9OgQGXgAsQA==

commander@^2.19.0:
  version "2.20.3"
  resolved "https://registry.yarnpkg.com/commander/-/commander-2.20.3.tgz#fd485e84c03eb4881c20722ba48035e8531aeb33"
  integrity sha512-GpVkmM8vF2vQUkj2LvZmD35JxeJOLCwJ9cUkugyk2nuhbv3+mJvpLYYt+0+USMxE+oj+ey/lJEnhZw75x/OMcQ==

define-lazy-prop@^2.0.0:
  version "2.0.0"
  resolved "https://registry.yarnpkg.com/define-lazy-prop/-/define-lazy-prop-2.0.0.tgz#3f7ae421129bcaaac9bc74905c98a0009ec9ee7f"
  integrity sha512-Ds09qNh8yw3khSjiJjiUInaGX9xlqZDY7JVryGxdxV7NPeuqQfplOpQ66yJFZut3jLa5zOwkXw1g9EI2uKh4Og==

discontinuous-range@1.0.0:
  version "1.0.0"
  resolved "https://registry.yarnpkg.com/discontinuous-range/-/discontinuous-range-1.0.0.tgz#e38331f0844bba49b9a9cb71c771585aab1bc65a"
  integrity sha512-c68LpLbO+7kP/b1Hr1qs8/BJ09F5khZGTxqxZuhzxpmwJKOgRFHJWIb9/KmqnqHhLdO55aOxFH/EGBvUQbL/RQ==

emoji-regex@^8.0.0:
  version "8.0.0"
  resolved "https://registry.yarnpkg.com/emoji-regex/-/emoji-regex-8.0.0.tgz#e818fd69ce5ccfcb404594f842963bf53164cc37"
  integrity sha512-MSjYzcWNOA0ewAHpz0MxpYFvwg6yjy1NG3xteoqz644VCo/RPgnr1/GGt+ic3iJTzQ8Eu3TdM14SawnVUmGE6A==

esbuild@^0.16.3:
  version "0.16.11"
  resolved "https://registry.yarnpkg.com/esbuild/-/esbuild-0.16.11.tgz#02b773a6f9bb4614a1b291356ffcf0ed0a56c912"
  integrity sha512-Al0hhRUz/cCDvDp9VZp1L500HZZQ/HLjgTnQTmnW97+PoLmw+PuvB3e19JHYZtWnrxoh3qYrN/0tiRIbrE2oVQ==
  optionalDependencies:
    "@esbuild/android-arm" "0.16.11"
    "@esbuild/android-arm64" "0.16.11"
    "@esbuild/android-x64" "0.16.11"
    "@esbuild/darwin-arm64" "0.16.11"
    "@esbuild/darwin-x64" "0.16.11"
    "@esbuild/freebsd-arm64" "0.16.11"
    "@esbuild/freebsd-x64" "0.16.11"
    "@esbuild/linux-arm" "0.16.11"
    "@esbuild/linux-arm64" "0.16.11"
    "@esbuild/linux-ia32" "0.16.11"
    "@esbuild/linux-loong64" "0.16.11"
    "@esbuild/linux-mips64el" "0.16.11"
    "@esbuild/linux-ppc64" "0.16.11"
    "@esbuild/linux-riscv64" "0.16.11"
    "@esbuild/linux-s390x" "0.16.11"
    "@esbuild/linux-x64" "0.16.11"
    "@esbuild/netbsd-x64" "0.16.11"
    "@esbuild/openbsd-x64" "0.16.11"
    "@esbuild/sunos-x64" "0.16.11"
    "@esbuild/win32-arm64" "0.16.11"
    "@esbuild/win32-ia32" "0.16.11"
    "@esbuild/win32-x64" "0.16.11"

escalade@^3.1.1:
  version "3.1.1"
  resolved "https://registry.yarnpkg.com/escalade/-/escalade-3.1.1.tgz#d8cfdc7000965c5a0174b4a82eaa5c0552742e40"
  integrity sha512-k0er2gUkLf8O0zKJiAhmkTnJlTvINGv7ygDNPbeIsX/TJjGJZHuh9B2UxbsaEkmlEo9MfhrSzmhIlhRlI2GXnw==

escape-string-regexp@^1.0.5:
  version "1.0.5"
  resolved "https://registry.yarnpkg.com/escape-string-regexp/-/escape-string-regexp-1.0.5.tgz#1b61c0562190a8dff6ae3bb2cf0200ca130b86d4"
  integrity sha512-vbRorB5FUQWvla16U8R/qgaFIya2qGzwDrNmCZuYKrbdSUMG6I1ZCGQRefkRVhuOkIGVne7BQ35DSfo1qvJqFg==

fsevents@~2.3.2:
  version "2.3.2"
  resolved "https://registry.yarnpkg.com/fsevents/-/fsevents-2.3.2.tgz#8a526f78b8fdf4623b709e0b975c52c24c02fd1a"
  integrity sha512-xiqMQR4xAeHTuB9uWm+fFRcIOgKBMiOBP+eXiyT7jsgVCq1bkVygt00oASowB7EdtpOHaaPgKt812P9ab+DDKA==

function-bind@^1.1.1:
  version "1.1.1"
  resolved "https://registry.yarnpkg.com/function-bind/-/function-bind-1.1.1.tgz#a56899d3ea3c9bab874bb9773b7c5ede92f4895d"
  integrity sha512-yIovAzMX49sF8Yl58fSCWJ5svSLuaibPxXQJFLmBObTuCr0Mf1KiPopGM9NiFjiYBCbfaa2Fh6breQ6ANVTI0A==

get-caller-file@^2.0.5:
  version "2.0.5"
  resolved "https://registry.yarnpkg.com/get-caller-file/-/get-caller-file-2.0.5.tgz#4f94412a82db32f36e3b0b9741f8a97feb031f7e"
  integrity sha512-DyFP3BM/3YHTQOCUL/w0OZHR0lpKeGrxotcHWcqNEdnltqFwXVfhEBQ94eIo34AfQpo0rGki4cyIiftY06h2Fg==

has-flag@^3.0.0:
  version "3.0.0"
  resolved "https://registry.yarnpkg.com/has-flag/-/has-flag-3.0.0.tgz#b5d454dc2199ae225699f3467e5a07f3b955bafd"
  integrity sha512-sKJf1+ceQBr4SMkvQnBDNDtf4TXpVhVGateu0t918bl30FnbE2m4vNLX+VWe/dpjlb+HugGYzW7uQXH98HPEYw==

has@^1.0.3:
  version "1.0.3"
  resolved "https://registry.yarnpkg.com/has/-/has-1.0.3.tgz#722d7cbfc1f6aa8241f16dd814e011e1f41e8796"
  integrity sha512-f2dvO0VU6Oej7RkWJGrehjbzMAjFp5/VKPp5tTpWIV4JHHZK1/BxbFRtf/siA2SWTe09caDmVtYYzWEIbBS4zw==
  dependencies:
    function-bind "^1.1.1"

is-core-module@^2.9.0:
  version "2.11.0"
  resolved "https://registry.yarnpkg.com/is-core-module/-/is-core-module-2.11.0.tgz#ad4cb3e3863e814523c96f3f58d26cc570ff0144"
  integrity sha512-RRjxlvLDkD1YJwDbroBHMb+cukurkDWNyHx7D3oNB5x9rb5ogcksMC5wHCadcXoo67gVr/+3GFySh3134zi6rw==
  dependencies:
    has "^1.0.3"

is-docker@^2.0.0, is-docker@^2.1.1:
  version "2.2.1"
  resolved "https://registry.yarnpkg.com/is-docker/-/is-docker-2.2.1.tgz#33eeabe23cfe86f14bde4408a02c0cfb853acdaa"
  integrity sha512-F+i2BKsFrH66iaUFc0woD8sLy8getkwTwtOBjvs56Cx4CgJDeKQeqfz8wAYiSb8JOprWhHH5p77PbmYCvvUuXQ==

is-fullwidth-code-point@^3.0.0:
  version "3.0.0"
  resolved "https://registry.yarnpkg.com/is-fullwidth-code-point/-/is-fullwidth-code-point-3.0.0.tgz#f116f8064fe90b3f7844a38997c0b75051269f1d"
  integrity sha512-zymm5+u+sCsSWyD9qNaejV3DFvhCKclKdizYaJUuHA83RLjb7nSuGnddCHGv0hk+KY7BMAlsWeK4Ueg6EV6XQg==

is-wsl@^2.2.0:
  version "2.2.0"
  resolved "https://registry.yarnpkg.com/is-wsl/-/is-wsl-2.2.0.tgz#74a4c76e77ca9fd3f932f290c17ea326cd157271"
  integrity sha512-fKzAra0rGJUUBwGBgNkHZuToZcn+TtXHpeCgmkMJMMYx1sQDYaCSyjJBSCa2nH1DGm7s3n1oBnohoVTBaN7Lww==
  dependencies:
    is-docker "^2.0.0"

js-tokens@^4.0.0:
  version "4.0.0"
  resolved "https://registry.yarnpkg.com/js-tokens/-/js-tokens-4.0.0.tgz#19203fb59991df98e3a287050d4647cdeaf32499"
  integrity sha512-RdJUflcE3cUzKiMqQgsCu06FPu9UdIJO0beYbPhHN4k6apgJtifcoCtT9bcxOpYBtpD2kCM6Sbzg4CausW/PKQ==

"kysely_0_21_2@npm:kysely@0.21.2":
  version "0.21.2"
  resolved "https://registry.yarnpkg.com/kysely/-/kysely-0.21.2.tgz#2b39bf9a25c4916753b009cdf269b61b0a39cd3a"
  integrity sha512-EWkZlITMehwhGDn/7sqACkHnSaaAls9tQ/5cx+cXgmfscIuYz3BdV5FfdwVpLDlZCtaQk1erg3+eZpqgW2hNTw==

"kysely_0_21_3@npm:kysely@0.21.3":
  version "0.21.3"
  resolved "https://registry.yarnpkg.com/kysely/-/kysely-0.21.3.tgz#f2d6ecaed2cb4c099d34a4ebdf3d6d6604986133"
  integrity sha512-frAPICQjRn8Q9k8NpkuOXpwcSNhheHY7YWU28LMiNPugI4mKEc60fobnVk3OMXsgr4ZXOwCNYz616PUYMgYFog==

"kysely_0_21_4@npm:kysely@0.21.4":
  version "0.21.4"
  resolved "https://registry.yarnpkg.com/kysely/-/kysely-0.21.4.tgz#40a555054c9dbdcc117e91b6a6b4bec27480de77"
  integrity sha512-EIy6n1tmhGq/wSsglqimoyuMFBGioNWLwVTWDD4pKAn0uhOy/6iXKNu7SVbrWS1tsEZ1kY5u817jVtNpP6yF5Q==

"kysely_0_21_5@npm:kysely@0.21.5":
  version "0.21.5"
  resolved "https://registry.yarnpkg.com/kysely/-/kysely-0.21.5.tgz#5278da8aa940a234bc98312a82e8bab8c5f04892"
  integrity sha512-a/j57I2pJzdzk5HJ4Tf6PHQTf0+V0gkg/tK178OpCcxZ1kbzzhRpycVqnPTm8WRqf1w7iCPc/IrCBFkOwSwwRw==

"kysely_0_21_6@npm:kysely@0.21.6":
  version "0.21.6"
  resolved "https://registry.yarnpkg.com/kysely/-/kysely-0.21.6.tgz#5cb22b8f60e2bd730c9823fb2e7b9c7884f2de4d"
  integrity sha512-DNecGKzzYtx2OumPJ8inrVFsSfq1lNHLFZDJvXMQxqbrTFElqq70VLR3DiK0P9fw4pB+xXTYvLiLurWiYqgk3w==

"kysely_0_22_0@npm:kysely@0.22.0":
  version "0.22.0"
  resolved "https://registry.yarnpkg.com/kysely/-/kysely-0.22.0.tgz#8aac53942da3cadc604d7d154a746d983fe8f7b9"
  integrity sha512-ZE3qWtnqLOalodzfK5QUEcm7AEulhxsPNuKaGFsC3XiqO92vMLm+mAHk/NnbSIOtC4RmGm0nsv700i8KDp1gfQ==

"kysely_0_23_0@npm:kysely@0.23.0":
  version "0.23.0"
  resolved "https://registry.yarnpkg.com/kysely/-/kysely-0.23.0.tgz#934ce8b212eb61888d3a22012a812cd311e1e0b4"
  integrity sha512-CQNt6kmUU4yQKm7Lselo2AwDKDwrkYvUD2a0nwvltnOmXzLj3AkhAA5Z4tsHuGcvKJ6E02b6MmGwnzr+MmE7HA==

"kysely_0_23_1@npm:kysely@0.23.1":
  version "0.23.1"
  resolved "https://registry.yarnpkg.com/kysely/-/kysely-0.23.1.tgz#e915dcc19dc29d9dec8a8f736fdc57a9c9ef7a2b"
  integrity sha512-ZuBZuDJggGPcr8Th1zU9+d2f4EJHhY60URnRWBpi3OBdeOTAGzOooL+SPcD1A2Yu8z2hhJLzEQvpuUcz8x1lUA==

"kysely_0_23_2@npm:kysely@0.23.2":
  version "0.23.2"
  resolved "https://registry.yarnpkg.com/kysely/-/kysely-0.23.2.tgz#3897a59e2935c117ccecd8a2b52ba0074a7adf5f"
  integrity sha512-Q6wESUbiBZtWgwiaaU3YHj4nqnP2BJ51nCRAjcqiyAyK7giNOy8kuBVEJ0O4szsKXi7/puV1JLDyJUsrtXmbMA==

"kysely_0_23_3@npm:kysely@0.23.3", "kysely_for_type@npm:kysely":
  version "0.23.3"
  resolved "https://registry.yarnpkg.com/kysely/-/kysely-0.23.3.tgz#ca6f01c54709f3e692c8a59cfdc646133d0ce9ec"
  integrity sha512-spRhosWRLkI0Ox8PRBdstskdRfvoLPsJ5GEpDA/PPrX6NwuiygdsFxHBrMkdU3CX+VxLhj4Wn5P7rFAwaf7JuA==

"kysely_0_23_4@npm:kysely@0.23.4":
  version "0.23.4"
  resolved "https://registry.yarnpkg.com/kysely/-/kysely-0.23.4.tgz#1975bfc37fb5074d60a415e8db73d5698528199a"
  integrity sha512-3icLnj1fahUtZsP9zzOvF4DcdhekGsLX4ZaoBaIz0ZeHegyRDdbwpJD7zezAJ+KwQZNDeKchel6MikFNLsSZIA==

"kysely_0_23_5@npm:kysely@0.23.5":
  version "0.23.5"
  resolved "https://registry.yarnpkg.com/kysely/-/kysely-0.23.5.tgz#60c63d94e1c42cc0411be8aaa688a0f27405f514"
  integrity sha512-TH+b56pVXQq0tsyooYLeNfV11j6ih7D50dyN8tkM0e7ndiUH28Nziojiog3qRFlmEj9XePYdZUrNJ2079Qjdow==

magic-string@^0.26.7:
  version "0.26.7"
  resolved "https://registry.yarnpkg.com/magic-string/-/magic-string-0.26.7.tgz#caf7daf61b34e9982f8228c4527474dac8981d6f"
  integrity sha512-hX9XH3ziStPoPhJxLq1syWuZMxbDvGNbVchfrdCtanC7D13888bMFow61x8axrx+GfHLtVeAx2kxL7tTGRl+Ow==
  dependencies:
    sourcemap-codec "^1.4.8"

monaco-editor@^0.34.1:
  version "0.34.1"
  resolved "https://registry.yarnpkg.com/monaco-editor/-/monaco-editor-0.34.1.tgz#1b75c4ad6bc4c1f9da656d740d98e0b850a22f87"
  integrity sha512-FKc80TyiMaruhJKKPz5SpJPIjL+dflGvz4CpuThaPMc94AyN7SeC9HQ8hrvaxX7EyHdJcUY5i4D0gNyJj1vSZQ==

moo@^0.5.0:
  version "0.5.2"
  resolved "https://registry.yarnpkg.com/moo/-/moo-0.5.2.tgz#f9fe82473bc7c184b0d32e2215d3f6e67278733c"
  integrity sha512-iSAJLHYKnX41mKcJKjqvnAN9sf0LMDTXDEvFv+ffuRR9a1MIuXLjMNL6EsnDHSkKLTWNqQQ5uo61P4EbU4NU+Q==

nanoid@^3.3.4:
  version "3.3.4"
  resolved "https://registry.yarnpkg.com/nanoid/-/nanoid-3.3.4.tgz#730b67e3cd09e2deacf03c027c81c9d9dbc5e8ab"
  integrity sha512-MqBkQh/OHTS2egovRtLk45wEyNXwF+cokD+1YPf9u5VfJiRdAiRwB2froX5Co9Rh20xs4siNPm8naNotSD6RBw==

nearley@^2.20.1:
  version "2.20.1"
  resolved "https://registry.yarnpkg.com/nearley/-/nearley-2.20.1.tgz#246cd33eff0d012faf197ff6774d7ac78acdd474"
  integrity sha512-+Mc8UaAebFzgV+KpI5n7DasuuQCHA89dmwm7JXw3TV43ukfNQ9DnBH3Mdb2g/I4Fdxc26pwimBWvjIw0UAILSQ==
  dependencies:
    commander "^2.19.0"
    moo "^0.5.0"
    railroad-diagrams "^1.0.0"
    randexp "0.4.6"

open@^8.4.0:
  version "8.4.0"
  resolved "https://registry.yarnpkg.com/open/-/open-8.4.0.tgz#345321ae18f8138f82565a910fdc6b39e8c244f8"
  integrity sha512-XgFPPM+B28FtCCgSb9I+s9szOC1vZRSwgWsRUA5ylIxRTgKozqjOCrVOqGsYABPYK5qnfqClxZTFBa8PKt2v6Q==
  dependencies:
    define-lazy-prop "^2.0.0"
    is-docker "^2.1.1"
    is-wsl "^2.2.0"

path-parse@^1.0.7:
  version "1.0.7"
  resolved "https://registry.yarnpkg.com/path-parse/-/path-parse-1.0.7.tgz#fbc114b60ca42b30d9daf5858e4bd68bbedb6735"
  integrity sha512-LDJzPVEEEPR+y48z93A0Ed0yXb8pAByGWo/k5YYdYgpY2/2EsOsksJrq7lOHxryrVOn1ejG6oAp8ahvOIQD8sw==

picocolors@^1.0.0:
  version "1.0.0"
  resolved "https://registry.yarnpkg.com/picocolors/-/picocolors-1.0.0.tgz#cb5bdc74ff3f51892236eaf79d68bc44564ab81c"
  integrity sha512-1fygroTLlHu66zi26VoTDv8yRgm0Fccecssto+MhsZ0D/DGW2sm8E8AjW7NU5VVTRt5GxbeZ5qBuJr+HyLYkjQ==

picomatch@^2.3.1:
  version "2.3.1"
  resolved "https://registry.yarnpkg.com/picomatch/-/picomatch-2.3.1.tgz#3ba3833733646d9d3e4995946c1365a67fb07a42"
  integrity sha512-JU3teHTNjmE2VCGFzuY8EXzCDVwEqB2a8fsIvwaStHhAWJEeVd1o1QD80CU6+ZdEXXSLbSsuLwJjkCBWqRQUVA==

postcss@^8.4.20:
  version "8.4.20"
  resolved "https://registry.yarnpkg.com/postcss/-/postcss-8.4.20.tgz#64c52f509644cecad8567e949f4081d98349dc56"
  integrity sha512-6Q04AXR1212bXr5fh03u8aAwbLxAQNGQ/Q1LNa0VfOI06ZAlhPHtQvE4OIdpj4kLThXilalPnmDSOD65DcHt+g==
  dependencies:
    nanoid "^3.3.4"
    picocolors "^1.0.0"
    source-map-js "^1.0.2"

prettier@^2.8.1:
  version "2.8.1"
  resolved "https://registry.yarnpkg.com/prettier/-/prettier-2.8.1.tgz#4e1fd11c34e2421bc1da9aea9bd8127cd0a35efc"
  integrity sha512-lqGoSJBQNJidqCHE80vqZJHWHRFoNYsSpP9AjFhlhi9ODCJA541svILes/+/1GM3VaL/abZi7cpFzOpdR9UPKg==

prismjs@^1.29.0:
  version "1.29.0"
  resolved "https://registry.yarnpkg.com/prismjs/-/prismjs-1.29.0.tgz#f113555a8fa9b57c35e637bba27509dcf802dd12"
  integrity sha512-Kx/1w86q/epKcmte75LNrEoT+lX8pBpavuAbvJWRXar7Hz8jrtF+e3vY751p0R8H9HdArwaCTNDDzHg/ScJK1Q==

railroad-diagrams@^1.0.0:
  version "1.0.0"
  resolved "https://registry.yarnpkg.com/railroad-diagrams/-/railroad-diagrams-1.0.0.tgz#eb7e6267548ddedfb899c1b90e57374559cddb7e"
  integrity sha512-cz93DjNeLY0idrCNOH6PviZGRN9GJhsdm9hpn1YCS879fj4W+x5IFJhhkRZcwVgMmFF7R82UA/7Oh+R8lLZg6A==

randexp@0.4.6:
  version "0.4.6"
  resolved "https://registry.yarnpkg.com/randexp/-/randexp-0.4.6.tgz#e986ad5e5e31dae13ddd6f7b3019aa7c87f60ca3"
  integrity sha512-80WNmd9DA0tmZrw9qQa62GPPWfuXJknrmVmLcxvq4uZBdYqb1wYoKTmnlGUchvVWe0XiLupYkBoXVOxz3C8DYQ==
  dependencies:
    discontinuous-range "1.0.0"
    ret "~0.1.10"

require-directory@^2.1.1:
  version "2.1.1"
  resolved "https://registry.yarnpkg.com/require-directory/-/require-directory-2.1.1.tgz#8c64ad5fd30dab1c976e2344ffe7f792a6a6df42"
  integrity sha512-fGxEI7+wsG9xrvdjsrlmL22OMTTiHRwAMroiEeMgq8gzoLC/PQr7RsRDSTLUg/bZAZtF+TVIkHc6/4RIKrui+Q==

resolve@^1.22.1:
  version "1.22.1"
  resolved "https://registry.yarnpkg.com/resolve/-/resolve-1.22.1.tgz#27cb2ebb53f91abb49470a928bba7558066ac177"
  integrity sha512-nBpuuYuY5jFsli/JIs1oldw6fOQCBioohqWZg/2hiaOybXOft4lonv85uDOKXdf8rhyK159cxU5cDcK/NKk8zw==
  dependencies:
    is-core-module "^2.9.0"
    path-parse "^1.0.7"
    supports-preserve-symlinks-flag "^1.0.0"

ret@~0.1.10:
  version "0.1.15"
  resolved "https://registry.yarnpkg.com/ret/-/ret-0.1.15.tgz#b8a4825d5bdb1fc3f6f53c2bc33f81388681c7bc"
  integrity sha512-TTlYpa+OL+vMMNG24xSlQGEJ3B/RzEfUlLct7b5G/ytav+wPrplCpVMFuwzXbkecJrb6IYo1iFb0S9v37754mg==

rollup-plugin-dts@^5.1.0:
  version "5.1.0"
  resolved "https://registry.yarnpkg.com/rollup-plugin-dts/-/rollup-plugin-dts-5.1.0.tgz#c9aa1805d18dda82d710aed5dff09d724b3e0a0f"
  integrity sha512-R+4cVEhu9LfAlR1hqp1D67nO5hsiYFSsbVa2Uj/xchN6WxN4Ct9VjuEP1mw7f4dKJR5rj+OtjUz5cVINX51eFA==
  dependencies:
    magic-string "^0.26.7"
  optionalDependencies:
    "@babel/code-frame" "^7.18.6"

rollup-plugin-visualizer@^5.9.0:
  version "5.9.0"
  resolved "https://registry.yarnpkg.com/rollup-plugin-visualizer/-/rollup-plugin-visualizer-5.9.0.tgz#013ac54fb6a9d7c9019e7eb77eced673399e5a0b"
  integrity sha512-bbDOv47+Bw4C/cgs0czZqfm8L82xOZssk4ayZjG40y9zbXclNk7YikrZTDao6p7+HDiGxrN0b65SgZiVm9k1Cg==
  dependencies:
    open "^8.4.0"
    picomatch "^2.3.1"
    source-map "^0.7.4"
    yargs "^17.5.1"

rollup@^3.7.0:
  version "3.8.1"
  resolved "https://registry.yarnpkg.com/rollup/-/rollup-3.8.1.tgz#d4af8aca7c60d5b8c0281be79ea2fab6b41d458f"
  integrity sha512-4yh9eMW7byOroYcN8DlF9P/2jCpu6txVIHjEqquQVSx7DI0RgyCCN3tjrcy4ra6yVtV336aLBB3v2AarYAxePQ==
  optionalDependencies:
    fsevents "~2.3.2"

rollup@^3.9.0:
  version "3.9.0"
  resolved "https://registry.yarnpkg.com/rollup/-/rollup-3.9.0.tgz#0ff7ab7cd71ce3a6ab140c5cf661f2b35eb6aab8"
  integrity sha512-nGGylpmblyjTpF4lEUPgmOw6OVxRvnI6Iuuh6Lz4O/X66cVOX1XJSsqP1YamxQ+mPuFE7qJxLFDSCk8rNv5dDw==
  optionalDependencies:
    fsevents "~2.3.2"

source-map-js@^1.0.2:
  version "1.0.2"
  resolved "https://registry.yarnpkg.com/source-map-js/-/source-map-js-1.0.2.tgz#adbc361d9c62df380125e7f161f71c826f1e490c"
  integrity sha512-R0XvVJ9WusLiqTCEiGCmICCMplcCkIwwR11mOSD9CR5u+IXYdiseeEuXCVAjS54zqwkLcPNnmU4OeJ6tUrWhDw==

source-map@^0.7.4:
  version "0.7.4"
  resolved "https://registry.yarnpkg.com/source-map/-/source-map-0.7.4.tgz#a9bbe705c9d8846f4e08ff6765acf0f1b0898656"
  integrity sha512-l3BikUxvPOcn5E74dZiq5BGsTb5yEwhaTSzccU6t4sDOH8NWJCstKO5QT2CvtFoK6F0saL7p9xHAqHOlCPJygA==

sourcemap-codec@^1.4.8:
  version "1.4.8"
  resolved "https://registry.yarnpkg.com/sourcemap-codec/-/sourcemap-codec-1.4.8.tgz#ea804bd94857402e6992d05a38ef1ae35a9ab4c4"
  integrity sha512-9NykojV5Uih4lgo5So5dtw+f0JgJX30KCNI8gwhz2J9A15wD0Ml6tjHKwf6fTSa6fAdVBdZeNOs9eJ71qCk8vA==

sql-formatter@^12.0.4:
  version "12.0.4"
  resolved "https://registry.yarnpkg.com/sql-formatter/-/sql-formatter-12.0.4.tgz#1847eaac7b269ffefbd21d211a00cf002e8cfaee"
  integrity sha512-uyaLYIYe+e8tIpMiWCf2drSVWUQ6Ln8RC5L96ELVPHX4e3jNvvAz7nKSZKSan0rMyHpimc+D8HaiMQ94eFriEQ==
  dependencies:
    argparse "^2.0.1"
    nearley "^2.20.1"

string-width@^4.1.0, string-width@^4.2.0, string-width@^4.2.3:
  version "4.2.3"
  resolved "https://registry.yarnpkg.com/string-width/-/string-width-4.2.3.tgz#269c7117d27b05ad2e536830a8ec895ef9c6d010"
  integrity sha512-wKyQRQpjJ0sIp62ErSZdGsjMJWsap5oRNihHhu6G7JVO/9jIB6UyevL+tXuOqrng8j/cxKTWyWUwvSTriiZz/g==
  dependencies:
    emoji-regex "^8.0.0"
    is-fullwidth-code-point "^3.0.0"
    strip-ansi "^6.0.1"

strip-ansi@^6.0.0, strip-ansi@^6.0.1:
  version "6.0.1"
  resolved "https://registry.yarnpkg.com/strip-ansi/-/strip-ansi-6.0.1.tgz#9e26c63d30f53443e9489495b2105d37b67a85d9"
  integrity sha512-Y38VPSHcqkFrCpFnQ9vuSXmquuv5oXOKpGeT6aGrr3o3Gc9AlVa6JBfUSOCnbxGGZF+/0ooI7KrPuUSztUdU5A==
  dependencies:
    ansi-regex "^5.0.1"

supports-color@^5.3.0:
  version "5.5.0"
  resolved "https://registry.yarnpkg.com/supports-color/-/supports-color-5.5.0.tgz#e2e69a44ac8772f78a1ec0b35b689df6530efc8f"
  integrity sha512-QjVjwdXIt408MIiAqCX4oUKsgU2EqAGzs2Ppkm4aQYbjm+ZEWEcW4SfFNTr4uMNZma0ey4f5lgLrkB0aX0QMow==
  dependencies:
    has-flag "^3.0.0"

supports-preserve-symlinks-flag@^1.0.0:
  version "1.0.0"
  resolved "https://registry.yarnpkg.com/supports-preserve-symlinks-flag/-/supports-preserve-symlinks-flag-1.0.0.tgz#6eda4bd344a3c94aea376d4cc31bc77311039e09"
  integrity sha512-ot0WnXS9fgdkgIcePe6RHNk1WA8+muPa6cSjeR3V8K27q9BB1rTE3R1p7Hv0z1ZyAc8s6Vvv8DIyWf681MAt0w==

typescript@^4.9.4:
  version "4.9.4"
  resolved "https://registry.yarnpkg.com/typescript/-/typescript-4.9.4.tgz#a2a3d2756c079abda241d75f149df9d561091e78"
  integrity sha512-Uz+dTXYzxXXbsFpM86Wh3dKCxrQqUcVMxwU54orwlJjOpO3ao8L7j5lH+dWfTwgCwIuM9GQ2kvVotzYJMXTBZg==

vite@^4.0.0:
  version "4.0.3"
  resolved "https://registry.yarnpkg.com/vite/-/vite-4.0.3.tgz#de27ad3f263a03ae9419cdc8bc07721eadcba8b9"
  integrity sha512-HvuNv1RdE7deIfQb8mPk51UKjqptO/4RXZ5yXSAvurd5xOckwS/gg8h9Tky3uSbnjYTgUm0hVCet1cyhKd73ZA==
  dependencies:
    esbuild "^0.16.3"
    postcss "^8.4.20"
    resolve "^1.22.1"
    rollup "^3.7.0"
  optionalDependencies:
    fsevents "~2.3.2"

wrap-ansi@^7.0.0:
  version "7.0.0"
  resolved "https://registry.yarnpkg.com/wrap-ansi/-/wrap-ansi-7.0.0.tgz#67e145cff510a6a6984bdf1152911d69d2eb9e43"
  integrity sha512-YVGIj2kamLSTxw6NsZjoBxfSwsn0ycdesmc4p+Q21c5zPuZ1pl+NfxVdxPtdHvmNVOQ6XSYG4AUtyt/Fi7D16Q==
  dependencies:
    ansi-styles "^4.0.0"
    string-width "^4.1.0"
    strip-ansi "^6.0.0"

y18n@^5.0.5:
  version "5.0.8"
  resolved "https://registry.yarnpkg.com/y18n/-/y18n-5.0.8.tgz#7f4934d0f7ca8c56f95314939ddcd2dd91ce1d55"
  integrity sha512-0pfFzegeDWJHJIAmTLRP2DwHjdF5s7jo9tuztdQxAhINCdvS+3nGINqPd00AphqJR/0LhANUS6/+7SCb98YOfA==

yargs-parser@^21.1.1:
  version "21.1.1"
  resolved "https://registry.yarnpkg.com/yargs-parser/-/yargs-parser-21.1.1.tgz#9096bceebf990d21bb31fa9516e0ede294a77d35"
  integrity sha512-tVpsJW7DdjecAiFpbIB1e3qxIQsE6NoPc5/eTdrbbIC4h0LVsWhnoa3g+m2HclBIujHzsxZ4VJVA+GUuc2/LBw==

yargs@^17.5.1:
  version "17.6.2"
  resolved "https://registry.yarnpkg.com/yargs/-/yargs-17.6.2.tgz#2e23f2944e976339a1ee00f18c77fedee8332541"
  integrity sha512-1/9UrdHjDZc0eOU0HxOHoS78C69UD3JRMvzlJ7S79S2nTaWRA/whGCTV8o9e/N/1Va9YIV7Q4sOxD8VV4pCWOw==
  dependencies:
    cliui "^8.0.1"
    escalade "^3.1.1"
    get-caller-file "^2.0.5"
    require-directory "^2.1.1"
    string-width "^4.2.3"
    y18n "^5.0.5"
    yargs-parser "^21.1.1"
